// !$*UTF8*$!
{
	archiveVersion = 1;
	classes = {
	};
	objectVersion = 46;
	objects = {

/* Begin PBXBuildFile section */
		0C0FCEE219190B77002473CC /* Foundation.framework in Frameworks */ = {isa = PBXBuildFile; fileRef = 0C0FCEE119190B77002473CC /* Foundation.framework */; };
		0C0FCEE419190B77002473CC /* CoreGraphics.framework in Frameworks */ = {isa = PBXBuildFile; fileRef = 0C0FCEE319190B77002473CC /* CoreGraphics.framework */; };
		0C0FCEE619190B77002473CC /* UIKit.framework in Frameworks */ = {isa = PBXBuildFile; fileRef = 0C0FCEE519190B77002473CC /* UIKit.framework */; };
		0C0FCEEC19190B77002473CC /* InfoPlist.strings in Resources */ = {isa = PBXBuildFile; fileRef = 0C0FCEEA19190B77002473CC /* InfoPlist.strings */; };
		0C0FCEEE19190B77002473CC /* main.m in Sources */ = {isa = PBXBuildFile; fileRef = 0C0FCEED19190B77002473CC /* main.m */; };
		0C0FCEF219190B77002473CC /* AppDelegate.m in Sources */ = {isa = PBXBuildFile; fileRef = 0C0FCEF119190B77002473CC /* AppDelegate.m */; };
		0C0FCEF519190B77002473CC /* Main.storyboard in Resources */ = {isa = PBXBuildFile; fileRef = 0C0FCEF319190B77002473CC /* Main.storyboard */; };
		0C0FCEF819190B77002473CC /* ViewController.m in Sources */ = {isa = PBXBuildFile; fileRef = 0C0FCEF719190B77002473CC /* ViewController.m */; };
		0C0FCEFA19190B77002473CC /* Images.xcassets in Resources */ = {isa = PBXBuildFile; fileRef = 0C0FCEF919190B77002473CC /* Images.xcassets */; };
		0C0FCF0119190B77002473CC /* XCTest.framework in Frameworks */ = {isa = PBXBuildFile; fileRef = 0C0FCF0019190B77002473CC /* XCTest.framework */; };
		0C0FCF0219190B77002473CC /* Foundation.framework in Frameworks */ = {isa = PBXBuildFile; fileRef = 0C0FCEE119190B77002473CC /* Foundation.framework */; };
		0C0FCF0319190B77002473CC /* UIKit.framework in Frameworks */ = {isa = PBXBuildFile; fileRef = 0C0FCEE519190B77002473CC /* UIKit.framework */; };
		0C0FCF0B19190B77002473CC /* InfoPlist.strings in Resources */ = {isa = PBXBuildFile; fileRef = 0C0FCF0919190B77002473CC /* InfoPlist.strings */; };
		0C0FCF0D19190B77002473CC /* Roost_DefenceTests.m in Sources */ = {isa = PBXBuildFile; fileRef = 0C0FCF0C19190B77002473CC /* Roost_DefenceTests.m */; };
		0C0FCF1E19190BE8002473CC /* bullet.png in Resources */ = {isa = PBXBuildFile; fileRef = 0C0FCF1619190BE8002473CC /* bullet.png */; };
		0C0FCF1F19190BE8002473CC /* dangerzone.png in Resources */ = {isa = PBXBuildFile; fileRef = 0C0FCF1719190BE8002473CC /* dangerzone.png */; };
		0C0FCF2019190BE8002473CC /* emptytower.png in Resources */ = {isa = PBXBuildFile; fileRef = 0C0FCF1819190BE8002473CC /* emptytower.png */; };
		0C0FCF2119190BE8002473CC /* mainmenu.png in Resources */ = {isa = PBXBuildFile; fileRef = 0C0FCF1919190BE8002473CC /* mainmenu.png */; };
		0C0FCF2219190BE8002473CC /* map.png in Resources */ = {isa = PBXBuildFile; fileRef = 0C0FCF1A19190BE8002473CC /* map.png */; };
		0C0FCF2319190BE8002473CC /* tankright.png in Resources */ = {isa = PBXBuildFile; fileRef = 0C0FCF1B19190BE8002473CC /* tankright.png */; };
		0C0FCF2419190BE8002473CC /* tankup.png in Resources */ = {isa = PBXBuildFile; fileRef = 0C0FCF1C19190BE8002473CC /* tankup.png */; };
		0C0FCF2519190BE8002473CC /* tower.png in Resources */ = {isa = PBXBuildFile; fileRef = 0C0FCF1D19190BE8002473CC /* tower.png */; };
/* End PBXBuildFile section */

/* Begin PBXContainerItemProxy section */
		0C0FCF0419190B77002473CC /* PBXContainerItemProxy */ = {
			isa = PBXContainerItemProxy;
			containerPortal = 0C0FCED619190B77002473CC /* Project object */;
			proxyType = 1;
			remoteGlobalIDString = 0C0FCEDD19190B77002473CC;
			remoteInfo = "Roost Defence";
		};
/* End PBXContainerItemProxy section */

/* Begin PBXFileReference section */
		0C0FCEDE19190B77002473CC /* Roost Defence.app */ = {isa = PBXFileReference; explicitFileType = wrapper.application; includeInIndex = 0; path = "Roost Defence.app"; sourceTree = BUILT_PRODUCTS_DIR; };
		0C0FCEE119190B77002473CC /* Foundation.framework */ = {isa = PBXFileReference; lastKnownFileType = wrapper.framework; name = Foundation.framework; path = System/Library/Frameworks/Foundation.framework; sourceTree = SDKROOT; };
		0C0FCEE319190B77002473CC /* CoreGraphics.framework */ = {isa = PBXFileReference; lastKnownFileType = wrapper.framework; name = CoreGraphics.framework; path = System/Library/Frameworks/CoreGraphics.framework; sourceTree = SDKROOT; };
		0C0FCEE519190B77002473CC /* UIKit.framework */ = {isa = PBXFileReference; lastKnownFileType = wrapper.framework; name = UIKit.framework; path = System/Library/Frameworks/UIKit.framework; sourceTree = SDKROOT; };
		0C0FCEE919190B77002473CC /* Roost Defence-Info.plist */ = {isa = PBXFileReference; lastKnownFileType = text.plist.xml; path = "Roost Defence-Info.plist"; sourceTree = "<group>"; };
		0C0FCEEB19190B77002473CC /* en */ = {isa = PBXFileReference; lastKnownFileType = text.plist.strings; name = en; path = en.lproj/InfoPlist.strings; sourceTree = "<group>"; };
		0C0FCEED19190B77002473CC /* main.m */ = {isa = PBXFileReference; lastKnownFileType = sourcecode.c.objc; path = main.m; sourceTree = "<group>"; };
		0C0FCEEF19190B77002473CC /* Roost Defence-Prefix.pch */ = {isa = PBXFileReference; lastKnownFileType = sourcecode.c.h; path = "Roost Defence-Prefix.pch"; sourceTree = "<group>"; };
		0C0FCEF019190B77002473CC /* AppDelegate.h */ = {isa = PBXFileReference; lastKnownFileType = sourcecode.c.h; path = AppDelegate.h; sourceTree = "<group>"; };
		0C0FCEF119190B77002473CC /* AppDelegate.m */ = {isa = PBXFileReference; lastKnownFileType = sourcecode.c.objc; path = AppDelegate.m; sourceTree = "<group>"; };
		0C0FCEF419190B77002473CC /* Base */ = {isa = PBXFileReference; lastKnownFileType = file.storyboard; name = Base; path = Base.lproj/Main.storyboard; sourceTree = "<group>"; };
		0C0FCEF619190B77002473CC /* ViewController.h */ = {isa = PBXFileReference; lastKnownFileType = sourcecode.c.h; path = ViewController.h; sourceTree = "<group>"; };
		0C0FCEF719190B77002473CC /* ViewController.m */ = {isa = PBXFileReference; lastKnownFileType = sourcecode.c.objc; path = ViewController.m; sourceTree = "<group>"; };
		0C0FCEF919190B77002473CC /* Images.xcassets */ = {isa = PBXFileReference; lastKnownFileType = folder.assetcatalog; path = Images.xcassets; sourceTree = "<group>"; };
		0C0FCEFF19190B77002473CC /* Roost DefenceTests.xctest */ = {isa = PBXFileReference; explicitFileType = wrapper.cfbundle; includeInIndex = 0; path = "Roost DefenceTests.xctest"; sourceTree = BUILT_PRODUCTS_DIR; };
		0C0FCF0019190B77002473CC /* XCTest.framework */ = {isa = PBXFileReference; lastKnownFileType = wrapper.framework; name = XCTest.framework; path = Library/Frameworks/XCTest.framework; sourceTree = DEVELOPER_DIR; };
		0C0FCF0819190B77002473CC /* Roost DefenceTests-Info.plist */ = {isa = PBXFileReference; lastKnownFileType = text.plist.xml; path = "Roost DefenceTests-Info.plist"; sourceTree = "<group>"; };
		0C0FCF0A19190B77002473CC /* en */ = {isa = PBXFileReference; lastKnownFileType = text.plist.strings; name = en; path = en.lproj/InfoPlist.strings; sourceTree = "<group>"; };
		0C0FCF0C19190B77002473CC /* Roost_DefenceTests.m */ = {isa = PBXFileReference; lastKnownFileType = sourcecode.c.objc; path = Roost_DefenceTests.m; sourceTree = "<group>"; };
		0C0FCF1619190BE8002473CC /* bullet.png */ = {isa = PBXFileReference; lastKnownFileType = image.png; path = bullet.png; sourceTree = "<group>"; };
		0C0FCF1719190BE8002473CC /* dangerzone.png */ = {isa = PBXFileReference; lastKnownFileType = image.png; path = dangerzone.png; sourceTree = "<group>"; };
		0C0FCF1819190BE8002473CC /* emptytower.png */ = {isa = PBXFileReference; lastKnownFileType = image.png; path = emptytower.png; sourceTree = "<group>"; };
		0C0FCF1919190BE8002473CC /* mainmenu.png */ = {isa = PBXFileReference; lastKnownFileType = image.png; path = mainmenu.png; sourceTree = "<group>"; };
		0C0FCF1A19190BE8002473CC /* map.png */ = {isa = PBXFileReference; lastKnownFileType = image.png; path = map.png; sourceTree = "<group>"; };
		0C0FCF1B19190BE8002473CC /* tankright.png */ = {isa = PBXFileReference; lastKnownFileType = image.png; path = tankright.png; sourceTree = "<group>"; };
		0C0FCF1C19190BE8002473CC /* tankup.png */ = {isa = PBXFileReference; lastKnownFileType = image.png; path = tankup.png; sourceTree = "<group>"; };
		0C0FCF1D19190BE8002473CC /* tower.png */ = {isa = PBXFileReference; lastKnownFileType = image.png; path = tower.png; sourceTree = "<group>"; };
/* End PBXFileReference section */

/* Begin PBXFrameworksBuildPhase section */
		0C0FCEDB19190B77002473CC /* Frameworks */ = {
			isa = PBXFrameworksBuildPhase;
			buildActionMask = 2147483647;
			files = (
				0C0FCEE419190B77002473CC /* CoreGraphics.framework in Frameworks */,
				0C0FCEE619190B77002473CC /* UIKit.framework in Frameworks */,
				0C0FCEE219190B77002473CC /* Foundation.framework in Frameworks */,
			);
			runOnlyForDeploymentPostprocessing = 0;
		};
		0C0FCEFC19190B77002473CC /* Frameworks */ = {
			isa = PBXFrameworksBuildPhase;
			buildActionMask = 2147483647;
			files = (
				0C0FCF0119190B77002473CC /* XCTest.framework in Frameworks */,
				0C0FCF0319190B77002473CC /* UIKit.framework in Frameworks */,
				0C0FCF0219190B77002473CC /* Foundation.framework in Frameworks */,
			);
			runOnlyForDeploymentPostprocessing = 0;
		};
/* End PBXFrameworksBuildPhase section */

/* Begin PBXGroup section */
		0C0FCED519190B77002473CC = {
			isa = PBXGroup;
			children = (
				0C0FCEE719190B77002473CC /* Roost Defence */,
				0C0FCF0619190B77002473CC /* Roost DefenceTests */,
				0C0FCEE019190B77002473CC /* Frameworks */,
				0C0FCEDF19190B77002473CC /* Products */,
			);
			sourceTree = "<group>";
		};
		0C0FCEDF19190B77002473CC /* Products */ = {
			isa = PBXGroup;
			children = (
				0C0FCEDE19190B77002473CC /* Roost Defence.app */,
				0C0FCEFF19190B77002473CC /* Roost DefenceTests.xctest */,
			);
			name = Products;
			sourceTree = "<group>";
		};
		0C0FCEE019190B77002473CC /* Frameworks */ = {
			isa = PBXGroup;
			children = (
				0C0FCEE119190B77002473CC /* Foundation.framework */,
				0C0FCEE319190B77002473CC /* CoreGraphics.framework */,
				0C0FCEE519190B77002473CC /* UIKit.framework */,
				0C0FCF0019190B77002473CC /* XCTest.framework */,
			);
			name = Frameworks;
			sourceTree = "<group>";
		};
		0C0FCEE719190B77002473CC /* Roost Defence */ = {
			isa = PBXGroup;
			children = (
				0C0FCEF019190B77002473CC /* AppDelegate.h */,
				0C0FCEF119190B77002473CC /* AppDelegate.m */,
				0C0FCEF319190B77002473CC /* Main.storyboard */,
				0C0FCEF619190B77002473CC /* ViewController.h */,
				0C0FCEF719190B77002473CC /* ViewController.m */,
				0C0FCEF919190B77002473CC /* Images.xcassets */,
				0C0FCEE819190B77002473CC /* Supporting Files */,
			);
			path = "Roost Defence";
			sourceTree = "<group>";
		};
		0C0FCEE819190B77002473CC /* Supporting Files */ = {
			isa = PBXGroup;
			children = (
				0C0FCF1619190BE8002473CC /* bullet.png */,
				0C0FCF1719190BE8002473CC /* dangerzone.png */,
				0C0FCF1819190BE8002473CC /* emptytower.png */,
				0C0FCF1919190BE8002473CC /* mainmenu.png */,
				0C0FCF1A19190BE8002473CC /* map.png */,
				0C0FCF1B19190BE8002473CC /* tankright.png */,
				0C0FCF1C19190BE8002473CC /* tankup.png */,
				0C0FCF1D19190BE8002473CC /* tower.png */,
				0C0FCEE919190B77002473CC /* Roost Defence-Info.plist */,
				0C0FCEEA19190B77002473CC /* InfoPlist.strings */,
				0C0FCEED19190B77002473CC /* main.m */,
				0C0FCEEF19190B77002473CC /* Roost Defence-Prefix.pch */,
			);
			name = "Supporting Files";
			sourceTree = "<group>";
		};
		0C0FCF0619190B77002473CC /* Roost DefenceTests */ = {
			isa = PBXGroup;
			children = (
				0C0FCF0C19190B77002473CC /* Roost_DefenceTests.m */,
				0C0FCF0719190B77002473CC /* Supporting Files */,
			);
			path = "Roost DefenceTests";
			sourceTree = "<group>";
		};
		0C0FCF0719190B77002473CC /* Supporting Files */ = {
			isa = PBXGroup;
			children = (
				0C0FCF0819190B77002473CC /* Roost DefenceTests-Info.plist */,
				0C0FCF0919190B77002473CC /* InfoPlist.strings */,
			);
			name = "Supporting Files";
			sourceTree = "<group>";
		};
/* End PBXGroup section */

/* Begin PBXNativeTarget section */
		0C0FCEDD19190B77002473CC /* Roost Defence */ = {
			isa = PBXNativeTarget;
			buildConfigurationList = 0C0FCF1019190B77002473CC /* Build configuration list for PBXNativeTarget "Roost Defence" */;
			buildPhases = (
				0C0FCEDA19190B77002473CC /* Sources */,
				0C0FCEDB19190B77002473CC /* Frameworks */,
				0C0FCEDC19190B77002473CC /* Resources */,
			);
			buildRules = (
			);
			dependencies = (
			);
			name = "Roost Defence";
			productName = "Roost Defence";
			productReference = 0C0FCEDE19190B77002473CC /* Roost Defence.app */;
			productType = "com.apple.product-type.application";
		};
		0C0FCEFE19190B77002473CC /* Roost DefenceTests */ = {
			isa = PBXNativeTarget;
			buildConfigurationList = 0C0FCF1319190B77002473CC /* Build configuration list for PBXNativeTarget "Roost DefenceTests" */;
			buildPhases = (
				0C0FCEFB19190B77002473CC /* Sources */,
				0C0FCEFC19190B77002473CC /* Frameworks */,
				0C0FCEFD19190B77002473CC /* Resources */,
			);
			buildRules = (
			);
			dependencies = (
				0C0FCF0519190B77002473CC /* PBXTargetDependency */,
			);
			name = "Roost DefenceTests";
			productName = "Roost DefenceTests";
			productReference = 0C0FCEFF19190B77002473CC /* Roost DefenceTests.xctest */;
			productType = "com.apple.product-type.bundle.unit-test";
		};
/* End PBXNativeTarget section */

/* Begin PBXProject section */
		0C0FCED619190B77002473CC /* Project object */ = {
			isa = PBXProject;
			attributes = {
				LastUpgradeCheck = 0510;
				ORGANIZATIONNAME = mihata;
				TargetAttributes = {
					0C0FCEFE19190B77002473CC = {
						TestTargetID = 0C0FCEDD19190B77002473CC;
					};
				};
			};
			buildConfigurationList = 0C0FCED919190B77002473CC /* Build configuration list for PBXProject "Roost Defence" */;
			compatibilityVersion = "Xcode 3.2";
			developmentRegion = English;
			hasScannedForEncodings = 0;
			knownRegions = (
				en,
				Base,
			);
			mainGroup = 0C0FCED519190B77002473CC;
			productRefGroup = 0C0FCEDF19190B77002473CC /* Products */;
			projectDirPath = "";
			projectRoot = "";
			targets = (
				0C0FCEDD19190B77002473CC /* Roost Defence */,
				0C0FCEFE19190B77002473CC /* Roost DefenceTests */,
			);
		};
/* End PBXProject section */

/* Begin PBXResourcesBuildPhase section */
		0C0FCEDC19190B77002473CC /* Resources */ = {
			isa = PBXResourcesBuildPhase;
			buildActionMask = 2147483647;
			files = (
				0C0FCF2219190BE8002473CC /* map.png in Resources */,
				0C0FCF2319190BE8002473CC /* tankright.png in Resources */,
				0C0FCEFA19190B77002473CC /* Images.xcassets in Resources */,
				0C0FCF1F19190BE8002473CC /* dangerzone.png in Resources */,
				0C0FCF2419190BE8002473CC /* tankup.png in Resources */,
				0C0FCF2119190BE8002473CC /* mainmenu.png in Resources */,
				0C0FCF1E19190BE8002473CC /* bullet.png in Resources */,
				0C0FCF2519190BE8002473CC /* tower.png in Resources */,
				0C0FCEEC19190B77002473CC /* InfoPlist.strings in Resources */,
				0C0FCEF519190B77002473CC /* Main.storyboard in Resources */,
				0C0FCF2019190BE8002473CC /* emptytower.png in Resources */,
			);
			runOnlyForDeploymentPostprocessing = 0;
		};
		0C0FCEFD19190B77002473CC /* Resources */ = {
			isa = PBXResourcesBuildPhase;
			buildActionMask = 2147483647;
			files = (
				0C0FCF0B19190B77002473CC /* InfoPlist.strings in Resources */,
			);
			runOnlyForDeploymentPostprocessing = 0;
		};
/* End PBXResourcesBuildPhase section */

/* Begin PBXSourcesBuildPhase section */
		0C0FCEDA19190B77002473CC /* Sources */ = {
			isa = PBXSourcesBuildPhase;
			buildActionMask = 2147483647;
			files = (
				0C0FCEF819190B77002473CC /* ViewController.m in Sources */,
				0C0FCEF219190B77002473CC /* AppDelegate.m in Sources */,
				0C0FCEEE19190B77002473CC /* main.m in Sources */,
			);
			runOnlyForDeploymentPostprocessing = 0;
		};
		0C0FCEFB19190B77002473CC /* Sources */ = {
			isa = PBXSourcesBuildPhase;
			buildActionMask = 2147483647;
			files = (
				0C0FCF0D19190B77002473CC /* Roost_DefenceTests.m in Sources */,
			);
			runOnlyForDeploymentPostprocessing = 0;
		};
/* End PBXSourcesBuildPhase section */

/* Begin PBXTargetDependency section */
		0C0FCF0519190B77002473CC /* PBXTargetDependency */ = {
			isa = PBXTargetDependency;
			target = 0C0FCEDD19190B77002473CC /* Roost Defence */;
			targetProxy = 0C0FCF0419190B77002473CC /* PBXContainerItemProxy */;
		};
/* End PBXTargetDependency section */

/* Begin PBXVariantGroup section */
		0C0FCEEA19190B77002473CC /* InfoPlist.strings */ = {
			isa = PBXVariantGroup;
			children = (
				0C0FCEEB19190B77002473CC /* en */,
			);
			name = InfoPlist.strings;
			sourceTree = "<group>";
		};
		0C0FCEF319190B77002473CC /* Main.storyboard */ = {
			isa = PBXVariantGroup;
			children = (
				0C0FCEF419190B77002473CC /* Base */,
			);
			name = Main.storyboard;
			sourceTree = "<group>";
		};
		0C0FCF0919190B77002473CC /* InfoPlist.strings */ = {
			isa = PBXVariantGroup;
			children = (
				0C0FCF0A19190B77002473CC /* en */,
			);
			name = InfoPlist.strings;
			sourceTree = "<group>";
		};
/* End PBXVariantGroup section */

/* Begin XCBuildConfiguration section */
		0C0FCF0E19190B77002473CC /* Debug */ = {
			isa = XCBuildConfiguration;
			buildSettings = {
				ALWAYS_SEARCH_USER_PATHS = NO;
				CLANG_CXX_LANGUAGE_STANDARD = "gnu++0x";
				CLANG_CXX_LIBRARY = "libc++";
				CLANG_ENABLE_MODULES = YES;
				CLANG_ENABLE_OBJC_ARC = YES;
				CLANG_WARN_BOOL_CONVERSION = YES;
				CLANG_WARN_CONSTANT_CONVERSION = YES;
				CLANG_WARN_DIRECT_OBJC_ISA_USAGE = YES_ERROR;
				CLANG_WARN_EMPTY_BODY = YES;
				CLANG_WARN_ENUM_CONVERSION = YES;
				CLANG_WARN_INT_CONVERSION = YES;
				CLANG_WARN_OBJC_ROOT_CLASS = YES_ERROR;
				CLANG_WARN__DUPLICATE_METHOD_MATCH = YES;
				"CODE_SIGN_IDENTITY[sdk=iphoneos*]" = "iPhone Developer";
				COPY_PHASE_STRIP = NO;
				GCC_C_LANGUAGE_STANDARD = gnu99;
				GCC_DYNAMIC_NO_PIC = NO;
				GCC_OPTIMIZATION_LEVEL = 0;
				GCC_PREPROCESSOR_DEFINITIONS = (
					"DEBUG=1",
					"$(inherited)",
				);
				GCC_SYMBOLS_PRIVATE_EXTERN = NO;
				GCC_WARN_64_TO_32_BIT_CONVERSION = YES;
				GCC_WARN_ABOUT_RETURN_TYPE = YES_ERROR;
				GCC_WARN_UNDECLARED_SELECTOR = YES;
				GCC_WARN_UNINITIALIZED_AUTOS = YES_AGGRESSIVE;
				GCC_WARN_UNUSED_FUNCTION = YES;
				GCC_WARN_UNUSED_VARIABLE = YES;
				IPHONEOS_DEPLOYMENT_TARGET = 7.1;
				ONLY_ACTIVE_ARCH = YES;
				SDKROOT = iphoneos;
			};
			name = Debug;
		};
		0C0FCF0F19190B77002473CC /* Release */ = {
			isa = XCBuildConfiguration;
			buildSettings = {
				ALWAYS_SEARCH_USER_PATHS = NO;
				CLANG_CXX_LANGUAGE_STANDARD = "gnu++0x";
				CLANG_CXX_LIBRARY = "libc++";
				CLANG_ENABLE_MODULES = YES;
				CLANG_ENABLE_OBJC_ARC = YES;
				CLANG_WARN_BOOL_CONVERSION = YES;
				CLANG_WARN_CONSTANT_CONVERSION = YES;
				CLANG_WARN_DIRECT_OBJC_ISA_USAGE = YES_ERROR;
				CLANG_WARN_EMPTY_BODY = YES;
				CLANG_WARN_ENUM_CONVERSION = YES;
				CLANG_WARN_INT_CONVERSION = YES;
				CLANG_WARN_OBJC_ROOT_CLASS = YES_ERROR;
				CLANG_WARN__DUPLICATE_METHOD_MATCH = YES;
				"CODE_SIGN_IDENTITY[sdk=iphoneos*]" = "iPhone Developer";
				COPY_PHASE_STRIP = YES;
				ENABLE_NS_ASSERTIONS = NO;
				GCC_C_LANGUAGE_STANDARD = gnu99;
				GCC_WARN_64_TO_32_BIT_CONVERSION = YES;
				GCC_WARN_ABOUT_RETURN_TYPE = YES_ERROR;
				GCC_WARN_UNDECLARED_SELECTOR = YES;
				GCC_WARN_UNINITIALIZED_AUTOS = YES_AGGRESSIVE;
				GCC_WARN_UNUSED_FUNCTION = YES;
				GCC_WARN_UNUSED_VARIABLE = YES;
				IPHONEOS_DEPLOYMENT_TARGET = 7.1;
				SDKROOT = iphoneos;
				VALIDATE_PRODUCT = YES;
			};
			name = Release;
		};
		0C0FCF1119190B77002473CC /* Debug */ = {
			isa = XCBuildConfiguration;
			buildSettings = {
				ASSETCATALOG_COMPILER_APPICON_NAME = AppIcon;
				ASSETCATALOG_COMPILER_LAUNCHIMAGE_NAME = LaunchImage;
				GCC_PRECOMPILE_PREFIX_HEADER = YES;
				GCC_PREFIX_HEADER = "Roost Defence/Roost Defence-Prefix.pch";
				INFOPLIST_FILE = "Roost Defence/Roost Defence-Info.plist";
				PRODUCT_NAME = "$(TARGET_NAME)";
				WRAPPER_EXTENSION = app;
			};
			name = Debug;
		};
		0C0FCF1219190B77002473CC /* Release */ = {
			isa = XCBuildConfiguration;
			buildSettings = {
				ASSETCATALOG_COMPILER_APPICON_NAME = AppIcon;
				ASSETCATALOG_COMPILER_LAUNCHIMAGE_NAME = LaunchImage;
				GCC_PRECOMPILE_PREFIX_HEADER = YES;
				GCC_PREFIX_HEADER = "Roost Defence/Roost Defence-Prefix.pch";
				INFOPLIST_FILE = "Roost Defence/Roost Defence-Info.plist";
				PRODUCT_NAME = "$(TARGET_NAME)";
				WRAPPER_EXTENSION = app;
			};
			name = Release;
		};
		0C0FCF1419190B77002473CC /* Debug */ = {
			isa = XCBuildConfiguration;
			buildSettings = {
				BUNDLE_LOADER = "$(BUILT_PRODUCTS_DIR)/Roost Defence.app/Roost Defence";
				FRAMEWORK_SEARCH_PATHS = (
					"$(SDKROOT)/Developer/Library/Frameworks",
					"$(inherited)",
					"$(DEVELOPER_FRAMEWORKS_DIR)",
				);
				GCC_PRECOMPILE_PREFIX_HEADER = YES;
				GCC_PREFIX_HEADER = "Roost Defence/Roost Defence-Prefix.pch";
				GCC_PREPROCESSOR_DEFINITIONS = (
					"DEBUG=1",
					"$(inherited)",
				);
				INFOPLIST_FILE = "Roost DefenceTests/Roost DefenceTests-Info.plist";
				PRODUCT_NAME = "$(TARGET_NAME)";
				TEST_HOST = "$(BUNDLE_LOADER)";
				WRAPPER_EXTENSION = xctest;
			};
			name = Debug;
		};
		0C0FCF1519190B77002473CC /* Release */ = {
			isa = XCBuildConfiguration;
			buildSettings = {
				BUNDLE_LOADER = "$(BUILT_PRODUCTS_DIR)/Roost Defence.app/Roost Defence";
				FRAMEWORK_SEARCH_PATHS = (
					"$(SDKROOT)/Developer/Library/Frameworks",
					"$(inherited)",
					"$(DEVELOPER_FRAMEWORKS_DIR)",
				);
				GCC_PRECOMPILE_PREFIX_HEADER = YES;
				GCC_PREFIX_HEADER = "Roost Defence/Roost Defence-Prefix.pch";
				INFOPLIST_FILE = "Roost DefenceTests/Roost DefenceTests-Info.plist";
				PRODUCT_NAME = "$(TARGET_NAME)";
				TEST_HOST = "$(BUNDLE_LOADER)";
				WRAPPER_EXTENSION = xctest;
			};
			name = Release;
		};
/* End XCBuildConfiguration section */

/* Begin XCConfigurationList section */
		0C0FCED919190B77002473CC /* Build configuration list for PBXProject "Roost Defence" */ = {
			isa = XCConfigurationList;
			buildConfigurations = (
				0C0FCF0E19190B77002473CC /* Debug */,
				0C0FCF0F19190B77002473CC /* Release */,
			);
			defaultConfigurationIsVisible = 0;
			defaultConfigurationName = Release;
		};
		0C0FCF1019190B77002473CC /* Build configuration list for PBXNativeTarget "Roost Defence" */ = {
			isa = XCConfigurationList;
			buildConfigurations = (
				0C0FCF1119190B77002473CC /* Debug */,
				0C0FCF1219190B77002473CC /* Release */,
			);
			defaultConfigurationIsVisible = 0;
		};
		0C0FCF1319190B77002473CC /* Build configuration list for PBXNativeTarget "Roost DefenceTests" */ = {
			isa = XCConfigurationList;
			buildConfigurations = (
				0C0FCF1419190B77002473CC /* Debug */,
				0C0FCF1519190B77002473CC /* Release */,
			);
			defaultConfigurationIsVisible = 0;
		};
/* End XCConfigurationList section */
	};
	rootObject = 0C0FCED619190B77002473CC /* Project object */;
}
